
Microsoft Visual Studio Solution File, Format Version 12.00
# Visual Studio Version 17
VisualStudioVersion = 17.9.34622.214
MinimumVisualStudioVersion = 10.0.40219.1
Project("{8BC9CEB8-8B4A-11D0-8D11-00A0C91BC942}") = "test74", "test74\test74.vcxproj", "{22D25FA7-F164-41B2-B7BF-C47E9298713C}"
EndProject
Global
	GlobalSection(SolutionConfigurationPlatforms) = preSolution
		Debug|x64 = Debug|x64
		Debug|x86 = Debug|x86
		Release|x64 = Release|x64
		Release|x86 = Release|x86
	EndGlobalSection
	GlobalSection(ProjectConfigurationPlatforms) = postSolution
		{22D25FA7-F164-41B2-B7BF-C47E9298713C}.Debug|x64.ActiveCfg = Debug|x64
		{22D25FA7-F164-41B2-B7BF-C47E9298713C}.Debug|x64.Build.0 = Debug|x64
		{22D25FA7-F164-41B2-B7BF-C47E9298713C}.Debug|x86.ActiveCfg = Debug|Win32
		{22D25FA7-F164-41B2-B7BF-C47E9298713C}.Debug|x86.Build.0 = Debug|Win32
		{22D25FA7-F164-41B2-B7BF-C47E9298713C}.Release|x64.ActiveCfg = Release|x64
		{22D25FA7-F164-41B2-B7BF-C47E9298713C}.Release|x64.Build.0 = Release|x64
		{22D25FA7-F164-41B2-B7BF-C47E9298713C}.Release|x86.ActiveCfg = Release|Win32
		{22D25FA7-F164-41B2-B7BF-C47E9298713C}.Release|x86.Build.0 = Release|Win32
	EndGlobalSection
	GlobalSection(SolutionProperties) = preSolution
		HideSolutionNode = FALSE
	EndGlobalSection
	GlobalSection(ExtensibilityGlobals) = postSolution
		SolutionGuid = {4FBF9CEF-9788-46EB-A0A5-A53A7039D78C}
	EndGlobalSection
EndGlobal
